
Microsoft Visual Studio Solution File, Format Version 12.00
# Visual Studio Version 17
VisualStudioVersion = 17.1.32407.343
MinimumVisualStudioVersion = 10.0.40219.1
Project("{FAE04EC0-301F-11D3-BF4B-00C04F79EFBC}") = "DoAN", "DoAN\DoAN.csproj", "{6129476E-B12F-4EC8-9359-ACF504DFDB21}"
EndProject
Global
	GlobalSection(SolutionConfigurationPlatforms) = preSolution
		Debug|Any CPU = Debug|Any CPU
		Release|Any CPU = Release|Any CPU
	EndGlobalSection
	GlobalSection(ProjectConfigurationPlatforms) = postSolution
		{6129476E-B12F-4EC8-9359-ACF504DFDB21}.Debug|Any CPU.ActiveCfg = Debug|Any CPU
		{6129476E-B12F-4EC8-9359-ACF504DFDB21}.Debug|Any CPU.Build.0 = Debug|Any CPU
		{6129476E-B12F-4EC8-9359-ACF504DFDB21}.Release|Any CPU.ActiveCfg = Release|Any CPU
		{6129476E-B12F-4EC8-9359-ACF504DFDB21}.Release|Any CPU.Build.0 = Release|Any CPU
	EndGlobalSection
	GlobalSection(SolutionProperties) = preSolution
		HideSolutionNode = FALSE
	EndGlobalSection
	GlobalSection(ExtensibilityGlobals) = postSolution
		SolutionGuid = {0933A8F8-E9F0-4083-9882-B59EB7ED84EA}
	EndGlobalSection
EndGlobal
